
Microsoft Visual Studio Solution File, Format Version 12.00
# Visual Studio Version 16
VisualStudioVersion = 16.0.32126.315
MinimumVisualStudioVersion = 10.0.40219.1
Project("{2150E333-8FDC-42A3-9474-1A3956D46DE8}") = "Services", "Services", "{439FE377-42D9-4A11-9A5F-0C9A30E8DE52}"
EndProject
Project("{2150E333-8FDC-42A3-9474-1A3956D46DE8}") = "Catalog", "Catalog", "{F32E8F80-6D34-4970-B5B9-0F7DDDF60E4D}"
EndProject
Project("{9A19103F-16F7-4668-BE54-9A1E7A4F7556}") = "Catalog.API", "Services\Catalog\Catalog.API\Catalog.API.csproj", "{EBEE0D88-3D88-4461-B951-C80D575D511B}"
EndProject
Project("{E53339B2-1760-4266-BCC7-CA923CBCF16C}") = "docker-compose", "docker-compose.dcproj", "{BEBF12D6-4A76-4615-9662-DD840F347E75}"
EndProject
Project("{2150E333-8FDC-42A3-9474-1A3956D46DE8}") = "Basket", "Basket", "{0DB1416A-E3F9-4213-9A1C-35E0A5A1258A}"
EndProject
Project("{9A19103F-16F7-4668-BE54-9A1E7A4F7556}") = "Basket.API", "Services\Basket\Basket.API\Basket.API.csproj", "{D38385AD-F631-4291-8757-07A6324B2D35}"
EndProject
Project("{2150E333-8FDC-42A3-9474-1A3956D46DE8}") = "Discount", "Discount", "{87DD0341-9114-437E-87FA-A116C57E20A8}"
EndProject
Project("{9A19103F-16F7-4668-BE54-9A1E7A4F7556}") = "Discount.API", "Services\Discount\Discount.API\Discount.API.csproj", "{32ED4E92-B73F-454D-8DD0-5EF6BED45FE8}"
EndProject
Project("{9A19103F-16F7-4668-BE54-9A1E7A4F7556}") = "Discount.Grpc", "Services\Discount\Discount.Grpc\Discount.Grpc.csproj", "{4BFF9218-0393-4D8D-94CD-A888CD34846E}"
EndProject
Project("{2150E333-8FDC-42A3-9474-1A3956D46DE8}") = "Ordering", "Ordering", "{FDC4A677-9E3F-4E74-927F-D29D0F4585DC}"
EndProject
Project("{FAE04EC0-301F-11D3-BF4B-00C04F79EFBC}") = "Ordering.API", "Services\Ordering\Ordering.API\Ordering.API.csproj", "{7D97DB2F-2BDC-4235-A89D-FF56BC5B8F08}"
EndProject
Project("{FAE04EC0-301F-11D3-BF4B-00C04F79EFBC}") = "Ordering.Domain", "Services\Ordering\Ordering.Domain\Ordering.Domain.csproj", "{3D26F15C-0FFD-478E-8A72-73540CCDCE67}"
EndProject
Project("{FAE04EC0-301F-11D3-BF4B-00C04F79EFBC}") = "Ordering.Application", "Services\Ordering\Ordering.Application\Ordering.Application.csproj", "{325AB26A-56AC-4172-96D1-3ABBDC14F41E}"
EndProject
Project("{FAE04EC0-301F-11D3-BF4B-00C04F79EFBC}") = "Ordering.Infrastructure", "Services\Ordering\Ordering.Infrastructure\Ordering.Infrastructure.csproj", "{3E2F4764-9943-4048-84B4-EE2108D9EB0A}"
EndProject
Global
	GlobalSection(SolutionConfigurationPlatforms) = preSolution
		Debug|Any CPU = Debug|Any CPU
		Release|Any CPU = Release|Any CPU
	EndGlobalSection
	GlobalSection(ProjectConfigurationPlatforms) = postSolution
		{EBEE0D88-3D88-4461-B951-C80D575D511B}.Debug|Any CPU.ActiveCfg = Debug|Any CPU
		{EBEE0D88-3D88-4461-B951-C80D575D511B}.Debug|Any CPU.Build.0 = Debug|Any CPU
		{EBEE0D88-3D88-4461-B951-C80D575D511B}.Release|Any CPU.ActiveCfg = Release|Any CPU
		{EBEE0D88-3D88-4461-B951-C80D575D511B}.Release|Any CPU.Build.0 = Release|Any CPU
		{BEBF12D6-4A76-4615-9662-DD840F347E75}.Debug|Any CPU.ActiveCfg = Debug|Any CPU
		{BEBF12D6-4A76-4615-9662-DD840F347E75}.Debug|Any CPU.Build.0 = Debug|Any CPU
		{BEBF12D6-4A76-4615-9662-DD840F347E75}.Release|Any CPU.ActiveCfg = Release|Any CPU
		{BEBF12D6-4A76-4615-9662-DD840F347E75}.Release|Any CPU.Build.0 = Release|Any CPU
		{D38385AD-F631-4291-8757-07A6324B2D35}.Debug|Any CPU.ActiveCfg = Debug|Any CPU
		{D38385AD-F631-4291-8757-07A6324B2D35}.Debug|Any CPU.Build.0 = Debug|Any CPU
		{D38385AD-F631-4291-8757-07A6324B2D35}.Release|Any CPU.ActiveCfg = Release|Any CPU
		{D38385AD-F631-4291-8757-07A6324B2D35}.Release|Any CPU.Build.0 = Release|Any CPU
		{32ED4E92-B73F-454D-8DD0-5EF6BED45FE8}.Debug|Any CPU.ActiveCfg = Debug|Any CPU
		{32ED4E92-B73F-454D-8DD0-5EF6BED45FE8}.Debug|Any CPU.Build.0 = Debug|Any CPU
		{32ED4E92-B73F-454D-8DD0-5EF6BED45FE8}.Release|Any CPU.ActiveCfg = Release|Any CPU
		{32ED4E92-B73F-454D-8DD0-5EF6BED45FE8}.Release|Any CPU.Build.0 = Release|Any CPU
		{4BFF9218-0393-4D8D-94CD-A888CD34846E}.Debug|Any CPU.ActiveCfg = Debug|Any CPU
		{4BFF9218-0393-4D8D-94CD-A888CD34846E}.Debug|Any CPU.Build.0 = Debug|Any CPU
		{4BFF9218-0393-4D8D-94CD-A888CD34846E}.Release|Any CPU.ActiveCfg = Release|Any CPU
		{4BFF9218-0393-4D8D-94CD-A888CD34846E}.Release|Any CPU.Build.0 = Release|Any CPU
		{7D97DB2F-2BDC-4235-A89D-FF56BC5B8F08}.Debug|Any CPU.ActiveCfg = Debug|Any CPU
		{7D97DB2F-2BDC-4235-A89D-FF56BC5B8F08}.Debug|Any CPU.Build.0 = Debug|Any CPU
		{7D97DB2F-2BDC-4235-A89D-FF56BC5B8F08}.Release|Any CPU.ActiveCfg = Release|Any CPU
		{7D97DB2F-2BDC-4235-A89D-FF56BC5B8F08}.Release|Any CPU.Build.0 = Release|Any CPU
		{3D26F15C-0FFD-478E-8A72-73540CCDCE67}.Debug|Any CPU.ActiveCfg = Debug|Any CPU
		{3D26F15C-0FFD-478E-8A72-73540CCDCE67}.Debug|Any CPU.Build.0 = Debug|Any CPU
		{3D26F15C-0FFD-478E-8A72-73540CCDCE67}.Release|Any CPU.ActiveCfg = Release|Any CPU
		{3D26F15C-0FFD-478E-8A72-73540CCDCE67}.Release|Any CPU.Build.0 = Release|Any CPU
		{325AB26A-56AC-4172-96D1-3ABBDC14F41E}.Debug|Any CPU.ActiveCfg = Debug|Any CPU
		{325AB26A-56AC-4172-96D1-3ABBDC14F41E}.Debug|Any CPU.Build.0 = Debug|Any CPU
		{325AB26A-56AC-4172-96D1-3ABBDC14F41E}.Release|Any CPU.ActiveCfg = Release|Any CPU
		{325AB26A-56AC-4172-96D1-3ABBDC14F41E}.Release|Any CPU.Build.0 = Release|Any CPU
		{3E2F4764-9943-4048-84B4-EE2108D9EB0A}.Debug|Any CPU.ActiveCfg = Debug|Any CPU
		{3E2F4764-9943-4048-84B4-EE2108D9EB0A}.Debug|Any CPU.Build.0 = Debug|Any CPU
		{3E2F4764-9943-4048-84B4-EE2108D9EB0A}.Release|Any CPU.ActiveCfg = Release|Any CPU
		{3E2F4764-9943-4048-84B4-EE2108D9EB0A}.Release|Any CPU.Build.0 = Release|Any CPU
	EndGlobalSection
	GlobalSection(SolutionProperties) = preSolution
		HideSolutionNode = FALSE
	EndGlobalSection
	GlobalSection(NestedProjects) = preSolution
		{F32E8F80-6D34-4970-B5B9-0F7DDDF60E4D} = {439FE377-42D9-4A11-9A5F-0C9A30E8DE52}
		{EBEE0D88-3D88-4461-B951-C80D575D511B} = {F32E8F80-6D34-4970-B5B9-0F7DDDF60E4D}
		{0DB1416A-E3F9-4213-9A1C-35E0A5A1258A} = {439FE377-42D9-4A11-9A5F-0C9A30E8DE52}
		{D38385AD-F631-4291-8757-07A6324B2D35} = {0DB1416A-E3F9-4213-9A1C-35E0A5A1258A}
		{87DD0341-9114-437E-87FA-A116C57E20A8} = {439FE377-42D9-4A11-9A5F-0C9A30E8DE52}
		{32ED4E92-B73F-454D-8DD0-5EF6BED45FE8} = {87DD0341-9114-437E-87FA-A116C57E20A8}
		{4BFF9218-0393-4D8D-94CD-A888CD34846E} = {87DD0341-9114-437E-87FA-A116C57E20A8}
		{FDC4A677-9E3F-4E74-927F-D29D0F4585DC} = {439FE377-42D9-4A11-9A5F-0C9A30E8DE52}
		{7D97DB2F-2BDC-4235-A89D-FF56BC5B8F08} = {FDC4A677-9E3F-4E74-927F-D29D0F4585DC}
		{3D26F15C-0FFD-478E-8A72-73540CCDCE67} = {FDC4A677-9E3F-4E74-927F-D29D0F4585DC}
		{325AB26A-56AC-4172-96D1-3ABBDC14F41E} = {FDC4A677-9E3F-4E74-927F-D29D0F4585DC}
		{3E2F4764-9943-4048-84B4-EE2108D9EB0A} = {FDC4A677-9E3F-4E74-927F-D29D0F4585DC}
	EndGlobalSection
	GlobalSection(ExtensibilityGlobals) = postSolution
		SolutionGuid = {71181F82-B54E-4194-B769-A3371C8D3C60}
	EndGlobalSection
EndGlobal
