
Microsoft Visual Studio Solution File, Format Version 12.00
# Visual Studio Version 16
VisualStudioVersion = 16.0.32126.315
MinimumVisualStudioVersion = 10.0.40219.1
Project("{2150E333-8FDC-42A3-9474-1A3956D46DE8}") = "Services", "Services", "{439FE377-42D9-4A11-9A5F-0C9A30E8DE52}"
EndProject
Project("{2150E333-8FDC-42A3-9474-1A3956D46DE8}") = "Catalog", "Catalog", "{F32E8F80-6D34-4970-B5B9-0F7DDDF60E4D}"
EndProject
Project("{9A19103F-16F7-4668-BE54-9A1E7A4F7556}") = "Catalog.API", "Services\Catalog\Catalog.API\Catalog.API.csproj", "{EBEE0D88-3D88-4461-B951-C80D575D511B}"
EndProject
Project("{E53339B2-1760-4266-BCC7-CA923CBCF16C}") = "docker-compose", "docker-compose.dcproj", "{BEBF12D6-4A76-4615-9662-DD840F347E75}"
EndProject
Global
	GlobalSection(SolutionConfigurationPlatforms) = preSolution
		Debug|Any CPU = Debug|Any CPU
		Release|Any CPU = Release|Any CPU
	EndGlobalSection
	GlobalSection(ProjectConfigurationPlatforms) = postSolution
		{EBEE0D88-3D88-4461-B951-C80D575D511B}.Debug|Any CPU.ActiveCfg = Debug|Any CPU
		{EBEE0D88-3D88-4461-B951-C80D575D511B}.Debug|Any CPU.Build.0 = Debug|Any CPU
		{EBEE0D88-3D88-4461-B951-C80D575D511B}.Release|Any CPU.ActiveCfg = Release|Any CPU
		{EBEE0D88-3D88-4461-B951-C80D575D511B}.Release|Any CPU.Build.0 = Release|Any CPU
		{BEBF12D6-4A76-4615-9662-DD840F347E75}.Debug|Any CPU.ActiveCfg = Debug|Any CPU
		{BEBF12D6-4A76-4615-9662-DD840F347E75}.Debug|Any CPU.Build.0 = Debug|Any CPU
		{BEBF12D6-4A76-4615-9662-DD840F347E75}.Release|Any CPU.ActiveCfg = Release|Any CPU
		{BEBF12D6-4A76-4615-9662-DD840F347E75}.Release|Any CPU.Build.0 = Release|Any CPU
	EndGlobalSection
	GlobalSection(SolutionProperties) = preSolution
		HideSolutionNode = FALSE
	EndGlobalSection
	GlobalSection(NestedProjects) = preSolution
		{F32E8F80-6D34-4970-B5B9-0F7DDDF60E4D} = {439FE377-42D9-4A11-9A5F-0C9A30E8DE52}
		{EBEE0D88-3D88-4461-B951-C80D575D511B} = {F32E8F80-6D34-4970-B5B9-0F7DDDF60E4D}
	EndGlobalSection
	GlobalSection(ExtensibilityGlobals) = postSolution
		SolutionGuid = {71181F82-B54E-4194-B769-A3371C8D3C60}
	EndGlobalSection
EndGlobal
